Microsoft Visual Studio Solution File, Format Version 12.00
# Visual Studio Version 16
VisualStudioVersion = 16.0.31613.86
MinimumVisualStudioVersion = 10.0.40219.1
Project("{FAE04EC0-301F-11D3-BF4B-00C04F79EFBC}") = "Regex Builder", "Regex Builder.csproj", "{693A703A-7D39-4BAC-B835-0050A61E363D}"
EndProject
Global
	GlobalSection(SolutionConfigurationPlatforms) = preSolution
		Debug|Any CPU = Debug|Any CPU
		Release|Any CPU = Release|Any CPU
	EndGlobalSection
	GlobalSection(ProjectConfigurationPlatforms) = postSolution
		{693A703A-7D39-4BAC-B835-0050A61E363D}.Debug|Any CPU.ActiveCfg = Debug|Any CPU
		{693A703A-7D39-4BAC-B835-0050A61E363D}.Debug|Any CPU.Build.0 = Debug|Any CPU
		{693A703A-7D39-4BAC-B835-0050A61E363D}.Release|Any CPU.ActiveCfg = Release|Any CPU
		{693A703A-7D39-4BAC-B835-0050A61E363D}.Release|Any CPU.Build.0 = Release|Any CPU
	EndGlobalSection
	GlobalSection(SolutionProperties) = preSolution
		HideSolutionNode = FALSE
	EndGlobalSection
	GlobalSection(ExtensibilityGlobals) = postSolution
		SolutionGuid = {B583890B-E06A-46F5-BE49-DB6ADB0931D4}
	EndGlobalSection
EndGlobal
